
Microsoft Visual Studio Solution File, Format Version 12.00
# Visual Studio Version 17
VisualStudioVersion = 17.5.33424.131
MinimumVisualStudioVersion = 10.0.40219.1
Project("{8BC9CEB8-8B4A-11D0-8D11-00A0C91BC942}") = "A", "A\A.vcxproj", "{1F95F3F0-0266-4AB1-BAA9-DD93FFAB42E8}"
EndProject
Project("{8BC9CEB8-8B4A-11D0-8D11-00A0C91BC942}") = "B", "B\B.vcxproj", "{42F924B7-168F-4063-B1C3-7DE0BC0CF728}"
EndProject
Project("{8BC9CEB8-8B4A-11D0-8D11-00A0C91BC942}") = "C", "C\C.vcxproj", "{7C6BA997-CF26-4F92-A1E1-162E80E3BA29}"
EndProject
Project("{8BC9CEB8-8B4A-11D0-8D11-00A0C91BC942}") = "D", "D\D.vcxproj", "{7E092EC4-0884-4453-83B4-6287B8BD40FF}"
EndProject
Project("{8BC9CEB8-8B4A-11D0-8D11-00A0C91BC942}") = "E", "E\E.vcxproj", "{D9602613-9D23-42CE-B4B6-C9D059A4E3FF}"
EndProject
Project("{8BC9CEB8-8B4A-11D0-8D11-00A0C91BC942}") = "F", "F\F.vcxproj", "{5A66C64D-44B7-443B-BC67-28321BE2088B}"
EndProject
Project("{8BC9CEB8-8B4A-11D0-8D11-00A0C91BC942}") = "G", "G\G.vcxproj", "{8F00E0D2-E7B9-421B-8DCA-716194B9F4BE}"
EndProject
Project("{8BC9CEB8-8B4A-11D0-8D11-00A0C91BC942}") = "H", "H\H.vcxproj", "{16A32890-D52D-47C4-A35E-AD29757F9183}"
EndProject
Project("{8BC9CEB8-8B4A-11D0-8D11-00A0C91BC942}") = "I", "I\I.vcxproj", "{C6A594B7-C004-48D3-8516-082DD4B93DAA}"
EndProject
Project("{8BC9CEB8-8B4A-11D0-8D11-00A0C91BC942}") = "J", "J\J.vcxproj", "{0A3F2D90-E875-4649-82B6-6175A3C56F5F}"
EndProject
Project("{8BC9CEB8-8B4A-11D0-8D11-00A0C91BC942}") = "K", "K\K.vcxproj", "{CCAD6DCC-6EDC-4826-8969-2C987E47056E}"
EndProject
Project("{8BC9CEB8-8B4A-11D0-8D11-00A0C91BC942}") = "M", "M\M.vcxproj", "{3461EB0C-4B2B-45A1-A1D2-58E78B8C6530}"
EndProject
Project("{8BC9CEB8-8B4A-11D0-8D11-00A0C91BC942}") = "L", "L\L.vcxproj", "{219C2808-4AF7-42E0-9ED0-137C37F871E9}"
EndProject
Project("{8BC9CEB8-8B4A-11D0-8D11-00A0C91BC942}") = "N", "N\N.vcxproj", "{B70A0725-45CF-440A-9A88-4E119FB170B5}"
EndProject
Global
	GlobalSection(SolutionConfigurationPlatforms) = preSolution
		Debug|x64 = Debug|x64
		Debug|x86 = Debug|x86
		Release|x64 = Release|x64
		Release|x86 = Release|x86
	EndGlobalSection
	GlobalSection(ProjectConfigurationPlatforms) = postSolution
		{1F95F3F0-0266-4AB1-BAA9-DD93FFAB42E8}.Debug|x64.ActiveCfg = Debug|x64
		{1F95F3F0-0266-4AB1-BAA9-DD93FFAB42E8}.Debug|x64.Build.0 = Debug|x64
		{1F95F3F0-0266-4AB1-BAA9-DD93FFAB42E8}.Debug|x86.ActiveCfg = Debug|Win32
		{1F95F3F0-0266-4AB1-BAA9-DD93FFAB42E8}.Debug|x86.Build.0 = Debug|Win32
		{1F95F3F0-0266-4AB1-BAA9-DD93FFAB42E8}.Release|x64.ActiveCfg = Release|x64
		{1F95F3F0-0266-4AB1-BAA9-DD93FFAB42E8}.Release|x64.Build.0 = Release|x64
		{1F95F3F0-0266-4AB1-BAA9-DD93FFAB42E8}.Release|x86.ActiveCfg = Release|Win32
		{1F95F3F0-0266-4AB1-BAA9-DD93FFAB42E8}.Release|x86.Build.0 = Release|Win32
		{42F924B7-168F-4063-B1C3-7DE0BC0CF728}.Debug|x64.ActiveCfg = Debug|x64
		{42F924B7-168F-4063-B1C3-7DE0BC0CF728}.Debug|x64.Build.0 = Debug|x64
		{42F924B7-168F-4063-B1C3-7DE0BC0CF728}.Debug|x86.ActiveCfg = Debug|Win32
		{42F924B7-168F-4063-B1C3-7DE0BC0CF728}.Debug|x86.Build.0 = Debug|Win32
		{42F924B7-168F-4063-B1C3-7DE0BC0CF728}.Release|x64.ActiveCfg = Release|x64
		{42F924B7-168F-4063-B1C3-7DE0BC0CF728}.Release|x64.Build.0 = Release|x64
		{42F924B7-168F-4063-B1C3-7DE0BC0CF728}.Release|x86.ActiveCfg = Release|Win32
		{42F924B7-168F-4063-B1C3-7DE0BC0CF728}.Release|x86.Build.0 = Release|Win32
		{7C6BA997-CF26-4F92-A1E1-162E80E3BA29}.Debug|x64.ActiveCfg = Debug|x64
		{7C6BA997-CF26-4F92-A1E1-162E80E3BA29}.Debug|x64.Build.0 = Debug|x64
		{7C6BA997-CF26-4F92-A1E1-162E80E3BA29}.Debug|x86.ActiveCfg = Debug|Win32
		{7C6BA997-CF26-4F92-A1E1-162E80E3BA29}.Debug|x86.Build.0 = Debug|Win32
		{7C6BA997-CF26-4F92-A1E1-162E80E3BA29}.Release|x64.ActiveCfg = Release|x64
		{7C6BA997-CF26-4F92-A1E1-162E80E3BA29}.Release|x64.Build.0 = Release|x64
		{7C6BA997-CF26-4F92-A1E1-162E80E3BA29}.Release|x86.ActiveCfg = Release|Win32
		{7C6BA997-CF26-4F92-A1E1-162E80E3BA29}.Release|x86.Build.0 = Release|Win32
		{7E092EC4-0884-4453-83B4-6287B8BD40FF}.Debug|x64.ActiveCfg = Debug|x64
		{7E092EC4-0884-4453-83B4-6287B8BD40FF}.Debug|x64.Build.0 = Debug|x64
		{7E092EC4-0884-4453-83B4-6287B8BD40FF}.Debug|x86.ActiveCfg = Debug|Win32
		{7E092EC4-0884-4453-83B4-6287B8BD40FF}.Debug|x86.Build.0 = Debug|Win32
		{7E092EC4-0884-4453-83B4-6287B8BD40FF}.Release|x64.ActiveCfg = Release|x64
		{7E092EC4-0884-4453-83B4-6287B8BD40FF}.Release|x64.Build.0 = Release|x64
		{7E092EC4-0884-4453-83B4-6287B8BD40FF}.Release|x86.ActiveCfg = Release|Win32
		{7E092EC4-0884-4453-83B4-6287B8BD40FF}.Release|x86.Build.0 = Release|Win32
		{D9602613-9D23-42CE-B4B6-C9D059A4E3FF}.Debug|x64.ActiveCfg = Debug|x64
		{D9602613-9D23-42CE-B4B6-C9D059A4E3FF}.Debug|x64.Build.0 = Debug|x64
		{D9602613-9D23-42CE-B4B6-C9D059A4E3FF}.Debug|x86.ActiveCfg = Debug|Win32
		{D9602613-9D23-42CE-B4B6-C9D059A4E3FF}.Debug|x86.Build.0 = Debug|Win32
		{D9602613-9D23-42CE-B4B6-C9D059A4E3FF}.Release|x64.ActiveCfg = Release|x64
		{D9602613-9D23-42CE-B4B6-C9D059A4E3FF}.Release|x64.Build.0 = Release|x64
		{D9602613-9D23-42CE-B4B6-C9D059A4E3FF}.Release|x86.ActiveCfg = Release|Win32
		{D9602613-9D23-42CE-B4B6-C9D059A4E3FF}.Release|x86.Build.0 = Release|Win32
		{5A66C64D-44B7-443B-BC67-28321BE2088B}.Debug|x64.ActiveCfg = Debug|x64
		{5A66C64D-44B7-443B-BC67-28321BE2088B}.Debug|x64.Build.0 = Debug|x64
		{5A66C64D-44B7-443B-BC67-28321BE2088B}.Debug|x86.ActiveCfg = Debug|Win32
		{5A66C64D-44B7-443B-BC67-28321BE2088B}.Debug|x86.Build.0 = Debug|Win32
		{5A66C64D-44B7-443B-BC67-28321BE2088B}.Release|x64.ActiveCfg = Release|x64
		{5A66C64D-44B7-443B-BC67-28321BE2088B}.Release|x64.Build.0 = Release|x64
		{5A66C64D-44B7-443B-BC67-28321BE2088B}.Release|x86.ActiveCfg = Release|Win32
		{5A66C64D-44B7-443B-BC67-28321BE2088B}.Release|x86.Build.0 = Release|Win32
		{8F00E0D2-E7B9-421B-8DCA-716194B9F4BE}.Debug|x64.ActiveCfg = Debug|x64
		{8F00E0D2-E7B9-421B-8DCA-716194B9F4BE}.Debug|x64.Build.0 = Debug|x64
		{8F00E0D2-E7B9-421B-8DCA-716194B9F4BE}.Debug|x86.ActiveCfg = Debug|Win32
		{8F00E0D2-E7B9-421B-8DCA-716194B9F4BE}.Debug|x86.Build.0 = Debug|Win32
		{8F00E0D2-E7B9-421B-8DCA-716194B9F4BE}.Release|x64.ActiveCfg = Release|x64
		{8F00E0D2-E7B9-421B-8DCA-716194B9F4BE}.Release|x64.Build.0 = Release|x64
		{8F00E0D2-E7B9-421B-8DCA-716194B9F4BE}.Release|x86.ActiveCfg = Release|Win32
		{8F00E0D2-E7B9-421B-8DCA-716194B9F4BE}.Release|x86.Build.0 = Release|Win32
		{16A32890-D52D-47C4-A35E-AD29757F9183}.Debug|x64.ActiveCfg = Debug|x64
		{16A32890-D52D-47C4-A35E-AD29757F9183}.Debug|x64.Build.0 = Debug|x64
		{16A32890-D52D-47C4-A35E-AD29757F9183}.Debug|x86.ActiveCfg = Debug|Win32
		{16A32890-D52D-47C4-A35E-AD29757F9183}.Debug|x86.Build.0 = Debug|Win32
		{16A32890-D52D-47C4-A35E-AD29757F9183}.Release|x64.ActiveCfg = Release|x64
		{16A32890-D52D-47C4-A35E-AD29757F9183}.Release|x64.Build.0 = Release|x64
		{16A32890-D52D-47C4-A35E-AD29757F9183}.Release|x86.ActiveCfg = Release|Win32
		{16A32890-D52D-47C4-A35E-AD29757F9183}.Release|x86.Build.0 = Release|Win32
		{C6A594B7-C004-48D3-8516-082DD4B93DAA}.Debug|x64.ActiveCfg = Debug|x64
		{C6A594B7-C004-48D3-8516-082DD4B93DAA}.Debug|x64.Build.0 = Debug|x64
		{C6A594B7-C004-48D3-8516-082DD4B93DAA}.Debug|x86.ActiveCfg = Debug|Win32
		{C6A594B7-C004-48D3-8516-082DD4B93DAA}.Debug|x86.Build.0 = Debug|Win32
		{C6A594B7-C004-48D3-8516-082DD4B93DAA}.Release|x64.ActiveCfg = Release|x64
		{C6A594B7-C004-48D3-8516-082DD4B93DAA}.Release|x64.Build.0 = Release|x64
		{C6A594B7-C004-48D3-8516-082DD4B93DAA}.Release|x86.ActiveCfg = Release|Win32
		{C6A594B7-C004-48D3-8516-082DD4B93DAA}.Release|x86.Build.0 = Release|Win32
		{0A3F2D90-E875-4649-82B6-6175A3C56F5F}.Debug|x64.ActiveCfg = Debug|x64
		{0A3F2D90-E875-4649-82B6-6175A3C56F5F}.Debug|x64.Build.0 = Debug|x64
		{0A3F2D90-E875-4649-82B6-6175A3C56F5F}.Debug|x86.ActiveCfg = Debug|Win32
		{0A3F2D90-E875-4649-82B6-6175A3C56F5F}.Debug|x86.Build.0 = Debug|Win32
		{0A3F2D90-E875-4649-82B6-6175A3C56F5F}.Release|x64.ActiveCfg = Release|x64
		{0A3F2D90-E875-4649-82B6-6175A3C56F5F}.Release|x64.Build.0 = Release|x64
		{0A3F2D90-E875-4649-82B6-6175A3C56F5F}.Release|x86.ActiveCfg = Release|Win32
		{0A3F2D90-E875-4649-82B6-6175A3C56F5F}.Release|x86.Build.0 = Release|Win32
		{CCAD6DCC-6EDC-4826-8969-2C987E47056E}.Debug|x64.ActiveCfg = Debug|x64
		{CCAD6DCC-6EDC-4826-8969-2C987E47056E}.Debug|x64.Build.0 = Debug|x64
		{CCAD6DCC-6EDC-4826-8969-2C987E47056E}.Debug|x86.ActiveCfg = Debug|Win32
		{CCAD6DCC-6EDC-4826-8969-2C987E47056E}.Debug|x86.Build.0 = Debug|Win32
		{CCAD6DCC-6EDC-4826-8969-2C987E47056E}.Release|x64.ActiveCfg = Release|x64
		{CCAD6DCC-6EDC-4826-8969-2C987E47056E}.Release|x64.Build.0 = Release|x64
		{CCAD6DCC-6EDC-4826-8969-2C987E47056E}.Release|x86.ActiveCfg = Release|Win32
		{CCAD6DCC-6EDC-4826-8969-2C987E47056E}.Release|x86.Build.0 = Release|Win32
		{3461EB0C-4B2B-45A1-A1D2-58E78B8C6530}.Debug|x64.ActiveCfg = Debug|x64
		{3461EB0C-4B2B-45A1-A1D2-58E78B8C6530}.Debug|x64.Build.0 = Debug|x64
		{3461EB0C-4B2B-45A1-A1D2-58E78B8C6530}.Debug|x86.ActiveCfg = Debug|Win32
		{3461EB0C-4B2B-45A1-A1D2-58E78B8C6530}.Debug|x86.Build.0 = Debug|Win32
		{3461EB0C-4B2B-45A1-A1D2-58E78B8C6530}.Release|x64.ActiveCfg = Release|x64
		{3461EB0C-4B2B-45A1-A1D2-58E78B8C6530}.Release|x64.Build.0 = Release|x64
		{3461EB0C-4B2B-45A1-A1D2-58E78B8C6530}.Release|x86.ActiveCfg = Release|Win32
		{3461EB0C-4B2B-45A1-A1D2-58E78B8C6530}.Release|x86.Build.0 = Release|Win32
		{219C2808-4AF7-42E0-9ED0-137C37F871E9}.Debug|x64.ActiveCfg = Debug|x64
		{219C2808-4AF7-42E0-9ED0-137C37F871E9}.Debug|x64.Build.0 = Debug|x64
		{219C2808-4AF7-42E0-9ED0-137C37F871E9}.Debug|x86.ActiveCfg = Debug|Win32
		{219C2808-4AF7-42E0-9ED0-137C37F871E9}.Debug|x86.Build.0 = Debug|Win32
		{219C2808-4AF7-42E0-9ED0-137C37F871E9}.Release|x64.ActiveCfg = Release|x64
		{219C2808-4AF7-42E0-9ED0-137C37F871E9}.Release|x64.Build.0 = Release|x64
		{219C2808-4AF7-42E0-9ED0-137C37F871E9}.Release|x86.ActiveCfg = Release|Win32
		{219C2808-4AF7-42E0-9ED0-137C37F871E9}.Release|x86.Build.0 = Release|Win32
		{B70A0725-45CF-440A-9A88-4E119FB170B5}.Debug|x64.ActiveCfg = Debug|x64
		{B70A0725-45CF-440A-9A88-4E119FB170B5}.Debug|x64.Build.0 = Debug|x64
		{B70A0725-45CF-440A-9A88-4E119FB170B5}.Debug|x86.ActiveCfg = Debug|Win32
		{B70A0725-45CF-440A-9A88-4E119FB170B5}.Debug|x86.Build.0 = Debug|Win32
		{B70A0725-45CF-440A-9A88-4E119FB170B5}.Release|x64.ActiveCfg = Release|x64
		{B70A0725-45CF-440A-9A88-4E119FB170B5}.Release|x64.Build.0 = Release|x64
		{B70A0725-45CF-440A-9A88-4E119FB170B5}.Release|x86.ActiveCfg = Release|Win32
		{B70A0725-45CF-440A-9A88-4E119FB170B5}.Release|x86.Build.0 = Release|Win32
	EndGlobalSection
	GlobalSection(SolutionProperties) = preSolution
		HideSolutionNode = FALSE
	EndGlobalSection
	GlobalSection(ExtensibilityGlobals) = postSolution
		SolutionGuid = {4F95DAB2-78F6-4D57-8A93-E210ADAC4591}
	EndGlobalSection
EndGlobal
