
Microsoft Visual Studio Solution File, Format Version 12.00
# Visual Studio Version 17
VisualStudioVersion = 17.5.33502.453
MinimumVisualStudioVersion = 10.0.40219.1
Project("{8BC9CEB8-8B4A-11D0-8D11-00A0C91BC942}") = "A", "A\A.vcxproj", "{20A8D677-ACF4-45A6-870F-3CD3BF0BF2DF}"
EndProject
Project("{8BC9CEB8-8B4A-11D0-8D11-00A0C91BC942}") = "B", "B\B.vcxproj", "{10E4AC7A-F694-45B6-AEFC-392D8841A84E}"
EndProject
Project("{8BC9CEB8-8B4A-11D0-8D11-00A0C91BC942}") = "C", "C\C.vcxproj", "{1A1416C7-B0CF-4A1C-AEAE-9CB833F6E4A4}"
EndProject
Project("{8BC9CEB8-8B4A-11D0-8D11-00A0C91BC942}") = "D", "D\D.vcxproj", "{A0DBE320-D7B7-443C-8AE7-0763F567AA03}"
EndProject
Project("{8BC9CEB8-8B4A-11D0-8D11-00A0C91BC942}") = "E", "E\E.vcxproj", "{FD22EA20-B704-4BF0-B6D2-350136B1E38A}"
EndProject
Project("{8BC9CEB8-8B4A-11D0-8D11-00A0C91BC942}") = "F", "F\F.vcxproj", "{BE9DBDA2-EF03-4889-B8B2-D80FFA33F463}"
EndProject
Project("{8BC9CEB8-8B4A-11D0-8D11-00A0C91BC942}") = "G", "G\G.vcxproj", "{001AB41F-3D53-4597-B0D8-1EF1F2ADFCEF}"
EndProject
Project("{8BC9CEB8-8B4A-11D0-8D11-00A0C91BC942}") = "H", "H\H.vcxproj", "{1CEA67E8-43C6-4461-A8B5-CE22BED064DE}"
EndProject
Project("{8BC9CEB8-8B4A-11D0-8D11-00A0C91BC942}") = "I", "I\I.vcxproj", "{F9E41B0D-3CB9-4BCD-B1EA-B2963B91B563}"
EndProject
Project("{8BC9CEB8-8B4A-11D0-8D11-00A0C91BC942}") = "J", "J\J.vcxproj", "{400122F8-9FF7-47F9-8088-3CB687C97CBB}"
EndProject
Project("{8BC9CEB8-8B4A-11D0-8D11-00A0C91BC942}") = "M", "M\M.vcxproj", "{55DC7D5E-537F-44FE-9F01-D6AF72B2EC48}"
EndProject
Project("{8BC9CEB8-8B4A-11D0-8D11-00A0C91BC942}") = "N", "N\N.vcxproj", "{B8D6181B-C408-4ACD-9D74-7AC8829CD9BE}"
EndProject
Project("{8BC9CEB8-8B4A-11D0-8D11-00A0C91BC942}") = "O", "O\O.vcxproj", "{97DCA7AD-2A37-4820-9B68-D55BA97223FE}"
EndProject
Project("{8BC9CEB8-8B4A-11D0-8D11-00A0C91BC942}") = "P", "P\P.vcxproj", "{08D633D5-A135-4B87-A8B1-C205BD7F042D}"
EndProject
Project("{8BC9CEB8-8B4A-11D0-8D11-00A0C91BC942}") = "Q", "Q\Q.vcxproj", "{D9F9DEC6-A228-43E7-B1FA-41CA8C1D0EB4}"
EndProject
Project("{8BC9CEB8-8B4A-11D0-8D11-00A0C91BC942}") = "S", "S\S.vcxproj", "{6A524C80-9E6A-42BF-A7E5-AD357F060EB2}"
EndProject
Global
	GlobalSection(SolutionConfigurationPlatforms) = preSolution
		Debug|x64 = Debug|x64
		Debug|x86 = Debug|x86
		Release|x64 = Release|x64
		Release|x86 = Release|x86
	EndGlobalSection
	GlobalSection(ProjectConfigurationPlatforms) = postSolution
		{20A8D677-ACF4-45A6-870F-3CD3BF0BF2DF}.Debug|x64.ActiveCfg = Debug|x64
		{20A8D677-ACF4-45A6-870F-3CD3BF0BF2DF}.Debug|x64.Build.0 = Debug|x64
		{20A8D677-ACF4-45A6-870F-3CD3BF0BF2DF}.Debug|x86.ActiveCfg = Debug|Win32
		{20A8D677-ACF4-45A6-870F-3CD3BF0BF2DF}.Debug|x86.Build.0 = Debug|Win32
		{20A8D677-ACF4-45A6-870F-3CD3BF0BF2DF}.Release|x64.ActiveCfg = Release|x64
		{20A8D677-ACF4-45A6-870F-3CD3BF0BF2DF}.Release|x64.Build.0 = Release|x64
		{20A8D677-ACF4-45A6-870F-3CD3BF0BF2DF}.Release|x86.ActiveCfg = Release|Win32
		{20A8D677-ACF4-45A6-870F-3CD3BF0BF2DF}.Release|x86.Build.0 = Release|Win32
		{10E4AC7A-F694-45B6-AEFC-392D8841A84E}.Debug|x64.ActiveCfg = Debug|x64
		{10E4AC7A-F694-45B6-AEFC-392D8841A84E}.Debug|x64.Build.0 = Debug|x64
		{10E4AC7A-F694-45B6-AEFC-392D8841A84E}.Debug|x86.ActiveCfg = Debug|Win32
		{10E4AC7A-F694-45B6-AEFC-392D8841A84E}.Debug|x86.Build.0 = Debug|Win32
		{10E4AC7A-F694-45B6-AEFC-392D8841A84E}.Release|x64.ActiveCfg = Release|x64
		{10E4AC7A-F694-45B6-AEFC-392D8841A84E}.Release|x64.Build.0 = Release|x64
		{10E4AC7A-F694-45B6-AEFC-392D8841A84E}.Release|x86.ActiveCfg = Release|Win32
		{10E4AC7A-F694-45B6-AEFC-392D8841A84E}.Release|x86.Build.0 = Release|Win32
		{1A1416C7-B0CF-4A1C-AEAE-9CB833F6E4A4}.Debug|x64.ActiveCfg = Debug|x64
		{1A1416C7-B0CF-4A1C-AEAE-9CB833F6E4A4}.Debug|x64.Build.0 = Debug|x64
		{1A1416C7-B0CF-4A1C-AEAE-9CB833F6E4A4}.Debug|x86.ActiveCfg = Debug|Win32
		{1A1416C7-B0CF-4A1C-AEAE-9CB833F6E4A4}.Debug|x86.Build.0 = Debug|Win32
		{1A1416C7-B0CF-4A1C-AEAE-9CB833F6E4A4}.Release|x64.ActiveCfg = Release|x64
		{1A1416C7-B0CF-4A1C-AEAE-9CB833F6E4A4}.Release|x64.Build.0 = Release|x64
		{1A1416C7-B0CF-4A1C-AEAE-9CB833F6E4A4}.Release|x86.ActiveCfg = Release|Win32
		{1A1416C7-B0CF-4A1C-AEAE-9CB833F6E4A4}.Release|x86.Build.0 = Release|Win32
		{A0DBE320-D7B7-443C-8AE7-0763F567AA03}.Debug|x64.ActiveCfg = Debug|x64
		{A0DBE320-D7B7-443C-8AE7-0763F567AA03}.Debug|x64.Build.0 = Debug|x64
		{A0DBE320-D7B7-443C-8AE7-0763F567AA03}.Debug|x86.ActiveCfg = Debug|Win32
		{A0DBE320-D7B7-443C-8AE7-0763F567AA03}.Debug|x86.Build.0 = Debug|Win32
		{A0DBE320-D7B7-443C-8AE7-0763F567AA03}.Release|x64.ActiveCfg = Release|x64
		{A0DBE320-D7B7-443C-8AE7-0763F567AA03}.Release|x64.Build.0 = Release|x64
		{A0DBE320-D7B7-443C-8AE7-0763F567AA03}.Release|x86.ActiveCfg = Release|Win32
		{A0DBE320-D7B7-443C-8AE7-0763F567AA03}.Release|x86.Build.0 = Release|Win32
		{FD22EA20-B704-4BF0-B6D2-350136B1E38A}.Debug|x64.ActiveCfg = Debug|x64
		{FD22EA20-B704-4BF0-B6D2-350136B1E38A}.Debug|x64.Build.0 = Debug|x64
		{FD22EA20-B704-4BF0-B6D2-350136B1E38A}.Debug|x86.ActiveCfg = Debug|Win32
		{FD22EA20-B704-4BF0-B6D2-350136B1E38A}.Debug|x86.Build.0 = Debug|Win32
		{FD22EA20-B704-4BF0-B6D2-350136B1E38A}.Release|x64.ActiveCfg = Release|x64
		{FD22EA20-B704-4BF0-B6D2-350136B1E38A}.Release|x64.Build.0 = Release|x64
		{FD22EA20-B704-4BF0-B6D2-350136B1E38A}.Release|x86.ActiveCfg = Release|Win32
		{FD22EA20-B704-4BF0-B6D2-350136B1E38A}.Release|x86.Build.0 = Release|Win32
		{BE9DBDA2-EF03-4889-B8B2-D80FFA33F463}.Debug|x64.ActiveCfg = Debug|x64
		{BE9DBDA2-EF03-4889-B8B2-D80FFA33F463}.Debug|x64.Build.0 = Debug|x64
		{BE9DBDA2-EF03-4889-B8B2-D80FFA33F463}.Debug|x86.ActiveCfg = Debug|Win32
		{BE9DBDA2-EF03-4889-B8B2-D80FFA33F463}.Debug|x86.Build.0 = Debug|Win32
		{BE9DBDA2-EF03-4889-B8B2-D80FFA33F463}.Release|x64.ActiveCfg = Release|x64
		{BE9DBDA2-EF03-4889-B8B2-D80FFA33F463}.Release|x64.Build.0 = Release|x64
		{BE9DBDA2-EF03-4889-B8B2-D80FFA33F463}.Release|x86.ActiveCfg = Release|Win32
		{BE9DBDA2-EF03-4889-B8B2-D80FFA33F463}.Release|x86.Build.0 = Release|Win32
		{001AB41F-3D53-4597-B0D8-1EF1F2ADFCEF}.Debug|x64.ActiveCfg = Debug|x64
		{001AB41F-3D53-4597-B0D8-1EF1F2ADFCEF}.Debug|x64.Build.0 = Debug|x64
		{001AB41F-3D53-4597-B0D8-1EF1F2ADFCEF}.Debug|x86.ActiveCfg = Debug|Win32
		{001AB41F-3D53-4597-B0D8-1EF1F2ADFCEF}.Debug|x86.Build.0 = Debug|Win32
		{001AB41F-3D53-4597-B0D8-1EF1F2ADFCEF}.Release|x64.ActiveCfg = Release|x64
		{001AB41F-3D53-4597-B0D8-1EF1F2ADFCEF}.Release|x64.Build.0 = Release|x64
		{001AB41F-3D53-4597-B0D8-1EF1F2ADFCEF}.Release|x86.ActiveCfg = Release|Win32
		{001AB41F-3D53-4597-B0D8-1EF1F2ADFCEF}.Release|x86.Build.0 = Release|Win32
		{1CEA67E8-43C6-4461-A8B5-CE22BED064DE}.Debug|x64.ActiveCfg = Debug|x64
		{1CEA67E8-43C6-4461-A8B5-CE22BED064DE}.Debug|x64.Build.0 = Debug|x64
		{1CEA67E8-43C6-4461-A8B5-CE22BED064DE}.Debug|x86.ActiveCfg = Debug|Win32
		{1CEA67E8-43C6-4461-A8B5-CE22BED064DE}.Debug|x86.Build.0 = Debug|Win32
		{1CEA67E8-43C6-4461-A8B5-CE22BED064DE}.Release|x64.ActiveCfg = Release|x64
		{1CEA67E8-43C6-4461-A8B5-CE22BED064DE}.Release|x64.Build.0 = Release|x64
		{1CEA67E8-43C6-4461-A8B5-CE22BED064DE}.Release|x86.ActiveCfg = Release|Win32
		{1CEA67E8-43C6-4461-A8B5-CE22BED064DE}.Release|x86.Build.0 = Release|Win32
		{F9E41B0D-3CB9-4BCD-B1EA-B2963B91B563}.Debug|x64.ActiveCfg = Debug|x64
		{F9E41B0D-3CB9-4BCD-B1EA-B2963B91B563}.Debug|x64.Build.0 = Debug|x64
		{F9E41B0D-3CB9-4BCD-B1EA-B2963B91B563}.Debug|x86.ActiveCfg = Debug|Win32
		{F9E41B0D-3CB9-4BCD-B1EA-B2963B91B563}.Debug|x86.Build.0 = Debug|Win32
		{F9E41B0D-3CB9-4BCD-B1EA-B2963B91B563}.Release|x64.ActiveCfg = Release|x64
		{F9E41B0D-3CB9-4BCD-B1EA-B2963B91B563}.Release|x64.Build.0 = Release|x64
		{F9E41B0D-3CB9-4BCD-B1EA-B2963B91B563}.Release|x86.ActiveCfg = Release|Win32
		{F9E41B0D-3CB9-4BCD-B1EA-B2963B91B563}.Release|x86.Build.0 = Release|Win32
		{400122F8-9FF7-47F9-8088-3CB687C97CBB}.Debug|x64.ActiveCfg = Debug|x64
		{400122F8-9FF7-47F9-8088-3CB687C97CBB}.Debug|x64.Build.0 = Debug|x64
		{400122F8-9FF7-47F9-8088-3CB687C97CBB}.Debug|x86.ActiveCfg = Debug|Win32
		{400122F8-9FF7-47F9-8088-3CB687C97CBB}.Debug|x86.Build.0 = Debug|Win32
		{400122F8-9FF7-47F9-8088-3CB687C97CBB}.Release|x64.ActiveCfg = Release|x64
		{400122F8-9FF7-47F9-8088-3CB687C97CBB}.Release|x64.Build.0 = Release|x64
		{400122F8-9FF7-47F9-8088-3CB687C97CBB}.Release|x86.ActiveCfg = Release|Win32
		{400122F8-9FF7-47F9-8088-3CB687C97CBB}.Release|x86.Build.0 = Release|Win32
		{55DC7D5E-537F-44FE-9F01-D6AF72B2EC48}.Debug|x64.ActiveCfg = Debug|x64
		{55DC7D5E-537F-44FE-9F01-D6AF72B2EC48}.Debug|x64.Build.0 = Debug|x64
		{55DC7D5E-537F-44FE-9F01-D6AF72B2EC48}.Debug|x86.ActiveCfg = Debug|Win32
		{55DC7D5E-537F-44FE-9F01-D6AF72B2EC48}.Debug|x86.Build.0 = Debug|Win32
		{55DC7D5E-537F-44FE-9F01-D6AF72B2EC48}.Release|x64.ActiveCfg = Release|x64
		{55DC7D5E-537F-44FE-9F01-D6AF72B2EC48}.Release|x64.Build.0 = Release|x64
		{55DC7D5E-537F-44FE-9F01-D6AF72B2EC48}.Release|x86.ActiveCfg = Release|Win32
		{55DC7D5E-537F-44FE-9F01-D6AF72B2EC48}.Release|x86.Build.0 = Release|Win32
		{B8D6181B-C408-4ACD-9D74-7AC8829CD9BE}.Debug|x64.ActiveCfg = Debug|x64
		{B8D6181B-C408-4ACD-9D74-7AC8829CD9BE}.Debug|x64.Build.0 = Debug|x64
		{B8D6181B-C408-4ACD-9D74-7AC8829CD9BE}.Debug|x86.ActiveCfg = Debug|Win32
		{B8D6181B-C408-4ACD-9D74-7AC8829CD9BE}.Debug|x86.Build.0 = Debug|Win32
		{B8D6181B-C408-4ACD-9D74-7AC8829CD9BE}.Release|x64.ActiveCfg = Release|x64
		{B8D6181B-C408-4ACD-9D74-7AC8829CD9BE}.Release|x64.Build.0 = Release|x64
		{B8D6181B-C408-4ACD-9D74-7AC8829CD9BE}.Release|x86.ActiveCfg = Release|Win32
		{B8D6181B-C408-4ACD-9D74-7AC8829CD9BE}.Release|x86.Build.0 = Release|Win32
		{97DCA7AD-2A37-4820-9B68-D55BA97223FE}.Debug|x64.ActiveCfg = Debug|x64
		{97DCA7AD-2A37-4820-9B68-D55BA97223FE}.Debug|x64.Build.0 = Debug|x64
		{97DCA7AD-2A37-4820-9B68-D55BA97223FE}.Debug|x86.ActiveCfg = Debug|Win32
		{97DCA7AD-2A37-4820-9B68-D55BA97223FE}.Debug|x86.Build.0 = Debug|Win32
		{97DCA7AD-2A37-4820-9B68-D55BA97223FE}.Release|x64.ActiveCfg = Release|x64
		{97DCA7AD-2A37-4820-9B68-D55BA97223FE}.Release|x64.Build.0 = Release|x64
		{97DCA7AD-2A37-4820-9B68-D55BA97223FE}.Release|x86.ActiveCfg = Release|Win32
		{97DCA7AD-2A37-4820-9B68-D55BA97223FE}.Release|x86.Build.0 = Release|Win32
		{08D633D5-A135-4B87-A8B1-C205BD7F042D}.Debug|x64.ActiveCfg = Debug|x64
		{08D633D5-A135-4B87-A8B1-C205BD7F042D}.Debug|x64.Build.0 = Debug|x64
		{08D633D5-A135-4B87-A8B1-C205BD7F042D}.Debug|x86.ActiveCfg = Debug|Win32
		{08D633D5-A135-4B87-A8B1-C205BD7F042D}.Debug|x86.Build.0 = Debug|Win32
		{08D633D5-A135-4B87-A8B1-C205BD7F042D}.Release|x64.ActiveCfg = Release|x64
		{08D633D5-A135-4B87-A8B1-C205BD7F042D}.Release|x64.Build.0 = Release|x64
		{08D633D5-A135-4B87-A8B1-C205BD7F042D}.Release|x86.ActiveCfg = Release|Win32
		{08D633D5-A135-4B87-A8B1-C205BD7F042D}.Release|x86.Build.0 = Release|Win32
		{D9F9DEC6-A228-43E7-B1FA-41CA8C1D0EB4}.Debug|x64.ActiveCfg = Debug|x64
		{D9F9DEC6-A228-43E7-B1FA-41CA8C1D0EB4}.Debug|x64.Build.0 = Debug|x64
		{D9F9DEC6-A228-43E7-B1FA-41CA8C1D0EB4}.Debug|x86.ActiveCfg = Debug|Win32
		{D9F9DEC6-A228-43E7-B1FA-41CA8C1D0EB4}.Debug|x86.Build.0 = Debug|Win32
		{D9F9DEC6-A228-43E7-B1FA-41CA8C1D0EB4}.Release|x64.ActiveCfg = Release|x64
		{D9F9DEC6-A228-43E7-B1FA-41CA8C1D0EB4}.Release|x64.Build.0 = Release|x64
		{D9F9DEC6-A228-43E7-B1FA-41CA8C1D0EB4}.Release|x86.ActiveCfg = Release|Win32
		{D9F9DEC6-A228-43E7-B1FA-41CA8C1D0EB4}.Release|x86.Build.0 = Release|Win32
		{6A524C80-9E6A-42BF-A7E5-AD357F060EB2}.Debug|x64.ActiveCfg = Debug|x64
		{6A524C80-9E6A-42BF-A7E5-AD357F060EB2}.Debug|x64.Build.0 = Debug|x64
		{6A524C80-9E6A-42BF-A7E5-AD357F060EB2}.Debug|x86.ActiveCfg = Debug|Win32
		{6A524C80-9E6A-42BF-A7E5-AD357F060EB2}.Debug|x86.Build.0 = Debug|Win32
		{6A524C80-9E6A-42BF-A7E5-AD357F060EB2}.Release|x64.ActiveCfg = Release|x64
		{6A524C80-9E6A-42BF-A7E5-AD357F060EB2}.Release|x64.Build.0 = Release|x64
		{6A524C80-9E6A-42BF-A7E5-AD357F060EB2}.Release|x86.ActiveCfg = Release|Win32
		{6A524C80-9E6A-42BF-A7E5-AD357F060EB2}.Release|x86.Build.0 = Release|Win32
	EndGlobalSection
	GlobalSection(SolutionProperties) = preSolution
		HideSolutionNode = FALSE
	EndGlobalSection
	GlobalSection(ExtensibilityGlobals) = postSolution
		SolutionGuid = {1F117614-2416-4D3C-85CD-1762D74617B8}
	EndGlobalSection
EndGlobal
