
Microsoft Visual Studio Solution File, Format Version 12.00
# Visual Studio Version 17
VisualStudioVersion = 17.5.33424.131
MinimumVisualStudioVersion = 10.0.40219.1
Project("{8BC9CEB8-8B4A-11D0-8D11-00A0C91BC942}") = "A", "A\A.vcxproj", "{157129EF-5DEC-4A70-A72B-E726AA730FF9}"
EndProject
Project("{8BC9CEB8-8B4A-11D0-8D11-00A0C91BC942}") = "B", "B\B.vcxproj", "{6B6D1D80-6ADF-4CD9-9DAB-04347362A1B8}"
EndProject
Project("{8BC9CEB8-8B4A-11D0-8D11-00A0C91BC942}") = "D", "D\D.vcxproj", "{4D4DC8DF-E9F7-4D0A-9263-AC319EDC56D4}"
EndProject
Project("{8BC9CEB8-8B4A-11D0-8D11-00A0C91BC942}") = "E", "E\E.vcxproj", "{1902B670-9D8E-43E7-9055-B948E0E60885}"
EndProject
Project("{8BC9CEB8-8B4A-11D0-8D11-00A0C91BC942}") = "F", "F\F.vcxproj", "{76ABCBF8-E655-4EB6-B2DF-1C32786AE94B}"
EndProject
Project("{8BC9CEB8-8B4A-11D0-8D11-00A0C91BC942}") = "G", "G\G.vcxproj", "{1654ED7B-5382-48F0-9461-8105CCF6256B}"
EndProject
Project("{8BC9CEB8-8B4A-11D0-8D11-00A0C91BC942}") = "H", "H\H.vcxproj", "{19F3A4AA-3683-43C7-B108-2E449A2BF3CE}"
EndProject
Project("{8BC9CEB8-8B4A-11D0-8D11-00A0C91BC942}") = "I", "I\I.vcxproj", "{B87B4701-E818-4168-A30D-23AED45C1D11}"
EndProject
Project("{8BC9CEB8-8B4A-11D0-8D11-00A0C91BC942}") = "J", "J\J.vcxproj", "{4A5F4BA7-4766-4339-81C4-B5ECAD5BA682}"
EndProject
Project("{8BC9CEB8-8B4A-11D0-8D11-00A0C91BC942}") = "K", "K\K.vcxproj", "{B71C87A9-BBC5-4A9F-A03E-AFA47BF71308}"
EndProject
Project("{8BC9CEB8-8B4A-11D0-8D11-00A0C91BC942}") = "L", "L\L.vcxproj", "{A9070730-9191-4615-BC66-A681BA2C8441}"
EndProject
Project("{8BC9CEB8-8B4A-11D0-8D11-00A0C91BC942}") = "C", "C\C.vcxproj", "{FC9E9ADC-8DCE-4865-935D-8835BCD2CD0D}"
EndProject
Global
	GlobalSection(SolutionConfigurationPlatforms) = preSolution
		Debug|x64 = Debug|x64
		Debug|x86 = Debug|x86
		Release|x64 = Release|x64
		Release|x86 = Release|x86
	EndGlobalSection
	GlobalSection(ProjectConfigurationPlatforms) = postSolution
		{157129EF-5DEC-4A70-A72B-E726AA730FF9}.Debug|x64.ActiveCfg = Debug|x64
		{157129EF-5DEC-4A70-A72B-E726AA730FF9}.Debug|x64.Build.0 = Debug|x64
		{157129EF-5DEC-4A70-A72B-E726AA730FF9}.Debug|x86.ActiveCfg = Debug|Win32
		{157129EF-5DEC-4A70-A72B-E726AA730FF9}.Debug|x86.Build.0 = Debug|Win32
		{157129EF-5DEC-4A70-A72B-E726AA730FF9}.Release|x64.ActiveCfg = Release|x64
		{157129EF-5DEC-4A70-A72B-E726AA730FF9}.Release|x64.Build.0 = Release|x64
		{157129EF-5DEC-4A70-A72B-E726AA730FF9}.Release|x86.ActiveCfg = Release|Win32
		{157129EF-5DEC-4A70-A72B-E726AA730FF9}.Release|x86.Build.0 = Release|Win32
		{6B6D1D80-6ADF-4CD9-9DAB-04347362A1B8}.Debug|x64.ActiveCfg = Debug|x64
		{6B6D1D80-6ADF-4CD9-9DAB-04347362A1B8}.Debug|x64.Build.0 = Debug|x64
		{6B6D1D80-6ADF-4CD9-9DAB-04347362A1B8}.Debug|x86.ActiveCfg = Debug|Win32
		{6B6D1D80-6ADF-4CD9-9DAB-04347362A1B8}.Debug|x86.Build.0 = Debug|Win32
		{6B6D1D80-6ADF-4CD9-9DAB-04347362A1B8}.Release|x64.ActiveCfg = Release|x64
		{6B6D1D80-6ADF-4CD9-9DAB-04347362A1B8}.Release|x64.Build.0 = Release|x64
		{6B6D1D80-6ADF-4CD9-9DAB-04347362A1B8}.Release|x86.ActiveCfg = Release|Win32
		{6B6D1D80-6ADF-4CD9-9DAB-04347362A1B8}.Release|x86.Build.0 = Release|Win32
		{4D4DC8DF-E9F7-4D0A-9263-AC319EDC56D4}.Debug|x64.ActiveCfg = Debug|x64
		{4D4DC8DF-E9F7-4D0A-9263-AC319EDC56D4}.Debug|x64.Build.0 = Debug|x64
		{4D4DC8DF-E9F7-4D0A-9263-AC319EDC56D4}.Debug|x86.ActiveCfg = Debug|Win32
		{4D4DC8DF-E9F7-4D0A-9263-AC319EDC56D4}.Debug|x86.Build.0 = Debug|Win32
		{4D4DC8DF-E9F7-4D0A-9263-AC319EDC56D4}.Release|x64.ActiveCfg = Release|x64
		{4D4DC8DF-E9F7-4D0A-9263-AC319EDC56D4}.Release|x64.Build.0 = Release|x64
		{4D4DC8DF-E9F7-4D0A-9263-AC319EDC56D4}.Release|x86.ActiveCfg = Release|Win32
		{4D4DC8DF-E9F7-4D0A-9263-AC319EDC56D4}.Release|x86.Build.0 = Release|Win32
		{1902B670-9D8E-43E7-9055-B948E0E60885}.Debug|x64.ActiveCfg = Debug|x64
		{1902B670-9D8E-43E7-9055-B948E0E60885}.Debug|x64.Build.0 = Debug|x64
		{1902B670-9D8E-43E7-9055-B948E0E60885}.Debug|x86.ActiveCfg = Debug|Win32
		{1902B670-9D8E-43E7-9055-B948E0E60885}.Debug|x86.Build.0 = Debug|Win32
		{1902B670-9D8E-43E7-9055-B948E0E60885}.Release|x64.ActiveCfg = Release|x64
		{1902B670-9D8E-43E7-9055-B948E0E60885}.Release|x64.Build.0 = Release|x64
		{1902B670-9D8E-43E7-9055-B948E0E60885}.Release|x86.ActiveCfg = Release|Win32
		{1902B670-9D8E-43E7-9055-B948E0E60885}.Release|x86.Build.0 = Release|Win32
		{76ABCBF8-E655-4EB6-B2DF-1C32786AE94B}.Debug|x64.ActiveCfg = Debug|x64
		{76ABCBF8-E655-4EB6-B2DF-1C32786AE94B}.Debug|x64.Build.0 = Debug|x64
		{76ABCBF8-E655-4EB6-B2DF-1C32786AE94B}.Debug|x86.ActiveCfg = Debug|Win32
		{76ABCBF8-E655-4EB6-B2DF-1C32786AE94B}.Debug|x86.Build.0 = Debug|Win32
		{76ABCBF8-E655-4EB6-B2DF-1C32786AE94B}.Release|x64.ActiveCfg = Release|x64
		{76ABCBF8-E655-4EB6-B2DF-1C32786AE94B}.Release|x64.Build.0 = Release|x64
		{76ABCBF8-E655-4EB6-B2DF-1C32786AE94B}.Release|x86.ActiveCfg = Release|Win32
		{76ABCBF8-E655-4EB6-B2DF-1C32786AE94B}.Release|x86.Build.0 = Release|Win32
		{1654ED7B-5382-48F0-9461-8105CCF6256B}.Debug|x64.ActiveCfg = Debug|x64
		{1654ED7B-5382-48F0-9461-8105CCF6256B}.Debug|x64.Build.0 = Debug|x64
		{1654ED7B-5382-48F0-9461-8105CCF6256B}.Debug|x86.ActiveCfg = Debug|Win32
		{1654ED7B-5382-48F0-9461-8105CCF6256B}.Debug|x86.Build.0 = Debug|Win32
		{1654ED7B-5382-48F0-9461-8105CCF6256B}.Release|x64.ActiveCfg = Release|x64
		{1654ED7B-5382-48F0-9461-8105CCF6256B}.Release|x64.Build.0 = Release|x64
		{1654ED7B-5382-48F0-9461-8105CCF6256B}.Release|x86.ActiveCfg = Release|Win32
		{1654ED7B-5382-48F0-9461-8105CCF6256B}.Release|x86.Build.0 = Release|Win32
		{19F3A4AA-3683-43C7-B108-2E449A2BF3CE}.Debug|x64.ActiveCfg = Debug|x64
		{19F3A4AA-3683-43C7-B108-2E449A2BF3CE}.Debug|x64.Build.0 = Debug|x64
		{19F3A4AA-3683-43C7-B108-2E449A2BF3CE}.Debug|x86.ActiveCfg = Debug|Win32
		{19F3A4AA-3683-43C7-B108-2E449A2BF3CE}.Debug|x86.Build.0 = Debug|Win32
		{19F3A4AA-3683-43C7-B108-2E449A2BF3CE}.Release|x64.ActiveCfg = Release|x64
		{19F3A4AA-3683-43C7-B108-2E449A2BF3CE}.Release|x64.Build.0 = Release|x64
		{19F3A4AA-3683-43C7-B108-2E449A2BF3CE}.Release|x86.ActiveCfg = Release|Win32
		{19F3A4AA-3683-43C7-B108-2E449A2BF3CE}.Release|x86.Build.0 = Release|Win32
		{B87B4701-E818-4168-A30D-23AED45C1D11}.Debug|x64.ActiveCfg = Debug|x64
		{B87B4701-E818-4168-A30D-23AED45C1D11}.Debug|x64.Build.0 = Debug|x64
		{B87B4701-E818-4168-A30D-23AED45C1D11}.Debug|x86.ActiveCfg = Debug|Win32
		{B87B4701-E818-4168-A30D-23AED45C1D11}.Debug|x86.Build.0 = Debug|Win32
		{B87B4701-E818-4168-A30D-23AED45C1D11}.Release|x64.ActiveCfg = Release|x64
		{B87B4701-E818-4168-A30D-23AED45C1D11}.Release|x64.Build.0 = Release|x64
		{B87B4701-E818-4168-A30D-23AED45C1D11}.Release|x86.ActiveCfg = Release|Win32
		{B87B4701-E818-4168-A30D-23AED45C1D11}.Release|x86.Build.0 = Release|Win32
		{4A5F4BA7-4766-4339-81C4-B5ECAD5BA682}.Debug|x64.ActiveCfg = Debug|x64
		{4A5F4BA7-4766-4339-81C4-B5ECAD5BA682}.Debug|x64.Build.0 = Debug|x64
		{4A5F4BA7-4766-4339-81C4-B5ECAD5BA682}.Debug|x86.ActiveCfg = Debug|Win32
		{4A5F4BA7-4766-4339-81C4-B5ECAD5BA682}.Debug|x86.Build.0 = Debug|Win32
		{4A5F4BA7-4766-4339-81C4-B5ECAD5BA682}.Release|x64.ActiveCfg = Release|x64
		{4A5F4BA7-4766-4339-81C4-B5ECAD5BA682}.Release|x64.Build.0 = Release|x64
		{4A5F4BA7-4766-4339-81C4-B5ECAD5BA682}.Release|x86.ActiveCfg = Release|Win32
		{4A5F4BA7-4766-4339-81C4-B5ECAD5BA682}.Release|x86.Build.0 = Release|Win32
		{B71C87A9-BBC5-4A9F-A03E-AFA47BF71308}.Debug|x64.ActiveCfg = Debug|x64
		{B71C87A9-BBC5-4A9F-A03E-AFA47BF71308}.Debug|x64.Build.0 = Debug|x64
		{B71C87A9-BBC5-4A9F-A03E-AFA47BF71308}.Debug|x86.ActiveCfg = Debug|Win32
		{B71C87A9-BBC5-4A9F-A03E-AFA47BF71308}.Debug|x86.Build.0 = Debug|Win32
		{B71C87A9-BBC5-4A9F-A03E-AFA47BF71308}.Release|x64.ActiveCfg = Release|x64
		{B71C87A9-BBC5-4A9F-A03E-AFA47BF71308}.Release|x64.Build.0 = Release|x64
		{B71C87A9-BBC5-4A9F-A03E-AFA47BF71308}.Release|x86.ActiveCfg = Release|Win32
		{B71C87A9-BBC5-4A9F-A03E-AFA47BF71308}.Release|x86.Build.0 = Release|Win32
		{A9070730-9191-4615-BC66-A681BA2C8441}.Debug|x64.ActiveCfg = Debug|x64
		{A9070730-9191-4615-BC66-A681BA2C8441}.Debug|x64.Build.0 = Debug|x64
		{A9070730-9191-4615-BC66-A681BA2C8441}.Debug|x86.ActiveCfg = Debug|Win32
		{A9070730-9191-4615-BC66-A681BA2C8441}.Debug|x86.Build.0 = Debug|Win32
		{A9070730-9191-4615-BC66-A681BA2C8441}.Release|x64.ActiveCfg = Release|x64
		{A9070730-9191-4615-BC66-A681BA2C8441}.Release|x64.Build.0 = Release|x64
		{A9070730-9191-4615-BC66-A681BA2C8441}.Release|x86.ActiveCfg = Release|Win32
		{A9070730-9191-4615-BC66-A681BA2C8441}.Release|x86.Build.0 = Release|Win32
		{FC9E9ADC-8DCE-4865-935D-8835BCD2CD0D}.Debug|x64.ActiveCfg = Debug|x64
		{FC9E9ADC-8DCE-4865-935D-8835BCD2CD0D}.Debug|x64.Build.0 = Debug|x64
		{FC9E9ADC-8DCE-4865-935D-8835BCD2CD0D}.Debug|x86.ActiveCfg = Debug|Win32
		{FC9E9ADC-8DCE-4865-935D-8835BCD2CD0D}.Debug|x86.Build.0 = Debug|Win32
		{FC9E9ADC-8DCE-4865-935D-8835BCD2CD0D}.Release|x64.ActiveCfg = Release|x64
		{FC9E9ADC-8DCE-4865-935D-8835BCD2CD0D}.Release|x64.Build.0 = Release|x64
		{FC9E9ADC-8DCE-4865-935D-8835BCD2CD0D}.Release|x86.ActiveCfg = Release|Win32
		{FC9E9ADC-8DCE-4865-935D-8835BCD2CD0D}.Release|x86.Build.0 = Release|Win32
	EndGlobalSection
	GlobalSection(SolutionProperties) = preSolution
		HideSolutionNode = FALSE
	EndGlobalSection
	GlobalSection(ExtensibilityGlobals) = postSolution
		SolutionGuid = {99E8EA94-6408-4CB9-A2DB-F24439E8A8C4}
	EndGlobalSection
EndGlobal
